# This file is automatically @generated by Cargo.
# It is not intended for manual editing.
version = 4

[[package]]
name = "ata"
version = "0.1.0"
dependencies = [
 "libsys",
]

[[package]]
name = "bench"
version = "0.1.0"
dependencies = [
 "libsys",
]

[[package]]
name = "compat-libc"
version = "0.1.0"

[[package]]
name = "echo"
version = "0.1.0"
dependencies = [
 "libsys",
]

[[package]]
name = "echo_local"
version = "0.1.0"
dependencies = [
 "libsys",
]

[[package]]
name = "fs"
version = "0.1.0"
dependencies = [
 "libsys",
]

[[package]]
name = "i915"
version = "0.1.0"
dependencies = [
 "compat-libc",
 "libsys",
]

[[package]]
name = "kbd"
version = "0.1.0"
dependencies = [
 "libsys",
]

[[package]]
name = "libsys"
version = "0.1.0"

[[package]]
name = "pci"
version = "0.1.0"
dependencies = [
 "libsys",
]

[[package]]
name = "shell"
version = "0.1.0"
dependencies = [
 "libsys",
]

[[package]]
name = "the-initializer"
version = "0.1.0"
dependencies = [
 "libsys",
]

[[package]]
name = "usb"
version = "0.1.0"
dependencies = [
 "libsys",
]

[[package]]
name = "vfs"
version = "0.1.0"
dependencies = [
 "libsys",
]
