# This file is automatically @generated by Cargo.
# It is not intended for manual editing.
version = 4

[[package]]
name = "ata_pio_driver"
version = "0.1.0"
dependencies = [
 "libsys",
]

[[package]]
name = "bench"
version = "0.1.0"
dependencies = [
 "libsys",
]

[[package]]
name = "echo"
version = "0.1.0"
dependencies = [
 "libsys",
]

[[package]]
name = "echo_local"
version = "0.1.0"
dependencies = [
 "libsys",
]

[[package]]
name = "fs"
version = "0.1.0"
dependencies = [
 "libsys",
]

[[package]]
name = "kb_driver"
version = "0.1.0"
dependencies = [
 "libsys",
]

[[package]]
name = "libsys"
version = "0.1.0"

[[package]]
name = "shell"
version = "0.1.0"
dependencies = [
 "libsys",
]

[[package]]
name = "the-initializer"
version = "0.1.0"
dependencies = [
 "libsys",
]

[[package]]
name = "vfs"
version = "0.1.0"
dependencies = [
 "libsys",
]
